
Microsoft Visual Studio Solution File, Format Version 12.00
# Visual Studio 15
VisualStudioVersion = 15.0.26228.4
MinimumVisualStudioVersion = 10.0.40219.1
Project("{FAE04EC0-301F-11D3-BF4B-00C04F79EFBC}") = "BackupCopy", "BackupCopy\BackupCopy.csproj", "{409A3798-F277-4782-8EB1-9FA783406621}"
EndProject
Project("{FAE04EC0-301F-11D3-BF4B-00C04F79EFBC}") = "ClassLibrary", "ClassLibrary\ClassLibrary.csproj", "{4BB3A08C-16BD-43D7-BD41-50E4E242C4A3}"
EndProject
Global
	GlobalSection(SolutionConfigurationPlatforms) = preSolution
		Debug|Any CPU = Debug|Any CPU
		Release|Any CPU = Release|Any CPU
	EndGlobalSection
	GlobalSection(ProjectConfigurationPlatforms) = postSolution
		{409A3798-F277-4782-8EB1-9FA783406621}.Debug|Any CPU.ActiveCfg = Debug|Any CPU
		{409A3798-F277-4782-8EB1-9FA783406621}.Debug|Any CPU.Build.0 = Debug|Any CPU
		{409A3798-F277-4782-8EB1-9FA783406621}.Release|Any CPU.ActiveCfg = Release|Any CPU
		{409A3798-F277-4782-8EB1-9FA783406621}.Release|Any CPU.Build.0 = Release|Any CPU
		{4BB3A08C-16BD-43D7-BD41-50E4E242C4A3}.Debug|Any CPU.ActiveCfg = Debug|Any CPU
		{4BB3A08C-16BD-43D7-BD41-50E4E242C4A3}.Debug|Any CPU.Build.0 = Debug|Any CPU
		{4BB3A08C-16BD-43D7-BD41-50E4E242C4A3}.Release|Any CPU.ActiveCfg = Release|Any CPU
		{4BB3A08C-16BD-43D7-BD41-50E4E242C4A3}.Release|Any CPU.Build.0 = Release|Any CPU
	EndGlobalSection
	GlobalSection(SolutionProperties) = preSolution
		HideSolutionNode = FALSE
	EndGlobalSection
EndGlobal
